
Microsoft Visual Studio Solution File, Format Version 12.00
# Visual Studio 15
VisualStudioVersion = 15.0.28010.2016
MinimumVisualStudioVersion = 10.0.40219.1
Project("{FAE04EC0-301F-11D3-BF4B-00C04F79EFBC}") = "QLCuocDTMVC", "QLCuocDTMVC\QLCuocDTMVC.csproj", "{ECE58DCA-4722-4675-95FB-44F142759A97}"
EndProject
Global
	GlobalSection(SolutionConfigurationPlatforms) = preSolution
		Debug|Any CPU = Debug|Any CPU
		Release|Any CPU = Release|Any CPU
	EndGlobalSection
	GlobalSection(ProjectConfigurationPlatforms) = postSolution
		{ECE58DCA-4722-4675-95FB-44F142759A97}.Debug|Any CPU.ActiveCfg = Debug|Any CPU
		{ECE58DCA-4722-4675-95FB-44F142759A97}.Debug|Any CPU.Build.0 = Debug|Any CPU
		{ECE58DCA-4722-4675-95FB-44F142759A97}.Release|Any CPU.ActiveCfg = Release|Any CPU
		{ECE58DCA-4722-4675-95FB-44F142759A97}.Release|Any CPU.Build.0 = Release|Any CPU
	EndGlobalSection
	GlobalSection(SolutionProperties) = preSolution
		HideSolutionNode = FALSE
	EndGlobalSection
	GlobalSection(ExtensibilityGlobals) = postSolution
		SolutionGuid = {DC04249A-AA02-4E17-9E28-3FAF6A626E57}
	EndGlobalSection
EndGlobal
